version = 1
revision = 3
requires-python = ">=3.12, <3.14"

[[package]]
name = "kbve-spider-tools"
version = "0.0.0"
source = { virtual = "." }
dependencies = [
    { name = "pillow" },
]

[package.metadata]
requires-dist = [{ name = "pillow", specifier = ">=12.0,<13.0" }]

[[package]]
name = "pillow"
version = "12.2.0"
source = { registry = "https://pypi.org/simple" }
sdist = { url = "https://files.pythonhosted.org/packages/8c/21/c2bcdd5906101a30244eaffc1b6e6ce71a31bd0742a01eb89e660ebfac2d/pillow-12.2.0.tar.gz", hash = "sha256:a830b1a40919539d07806aa58e1b114df53ddd43213d9c8b75847eee6c0182b5", size = 46987819, upload-time = "2026-04-01T14:46:17.687Z" }
wheels = [
    { url = "https://files.pythonhosted.org/packages/58/be/7482c8a5ebebbc6470b3eb791812fff7d5e0216c2be3827b30b8bb6603ed/pillow-12.2.0-cp312-cp312-macosx_10_13_x86_64.whl", hash = "sha256:2d192a155bbcec180f8564f693e6fd9bccff5a7af9b32e2e4bf8c9c69dbad6b5", size = 5308279, upload-time = "2026-04-01T14:43:13.246Z" },
    { url = "https://files.pythonhosted.org/packages/d8/95/0a351b9289c2b5cbde0bacd4a83ebc44023e835490a727b2a3bd60ddc0f4/pillow-12.2.0-cp312-cp312-macosx_11_0_arm64.whl", hash = "sha256:f3f40b3c5a968281fd507d519e444c35f0ff171237f4fdde090dd60699458421", size = 4695490, upload-time = "2026-04-01T14:43:15.584Z" },
    { url = "https://files.pythonhosted.org/packages/de/af/4e8e6869cbed569d43c416fad3dc4ecb944cb5d9492defaed89ddd6fe871/pillow-12.2.0-cp312-cp312-manylinux2014_aarch64.manylinux_2_17_aarch64.whl", hash = "sha256:03e7e372d5240cc23e9f07deca4d775c0817bffc641b01e9c3af208dbd300987", size = 6284462, upload-time = "2026-04-01T14:43:18.268Z" },
    { url = "https://files.pythonhosted.org/packages/e9/9e/c05e19657fd57841e476be1ab46c4d501bffbadbafdc31a6d665f8b737b6/pillow-12.2.0-cp312-cp312-manylinux2014_x86_64.manylinux_2_17_x86_64.whl", hash = "sha256:b86024e52a1b269467a802258c25521e6d742349d760728092e1bc2d135b4d76", size = 8094744, upload-time = "2026-04-01T14:43:20.716Z" },
    { url = "https://files.pythonhosted.org/packages/2b/54/1789c455ed10176066b6e7e6da1b01e50e36f94ba584dc68d9eebfe9156d/pillow-12.2.0-cp312-cp312-manylinux_2_27_aarch64.manylinux_2_28_aarch64.whl", hash = "sha256:7371b48c4fa448d20d2714c9a1f775a81155050d383333e0a6c15b1123dda005", size = 6398371, upload-time = "2026-04-01T14:43:23.443Z" },
    { url = "https://files.pythonhosted.org/packages/43/e3/fdc657359e919462369869f1c9f0e973f353f9a9ee295a39b1fea8ee1a77/pillow-12.2.0-cp312-cp312-manylinux_2_27_x86_64.manylinux_2_28_x86_64.whl", hash = "sha256:62f5409336adb0663b7caa0da5c7d9e7bdbaae9ce761d34669420c2a801b2780", size = 7087215, upload-time = "2026-04-01T14:43:26.758Z" },
    { url = "https://files.pythonhosted.org/packages/8b/f8/2f6825e441d5b1959d2ca5adec984210f1ec086435b0ed5f52c19b3b8a6e/pillow-12.2.0-cp312-cp312-musllinux_1_2_aarch64.whl", hash = "sha256:01afa7cf67f74f09523699b4e88c73fb55c13346d212a59a2db1f86b0a63e8c5", size = 6509783, upload-time = "2026-04-01T14:43:29.56Z" },
    { url = "https://files.pythonhosted.org/packages/67/f9/029a27095ad20f854f9dba026b3ea6428548316e057e6fc3545409e86651/pillow-12.2.0-cp312-cp312-musllinux_1_2_x86_64.whl", hash = "sha256:fc3d34d4a8fbec3e88a79b92e5465e0f9b842b628675850d860b8bd300b159f5", size = 7212112, upload-time = "2026-04-01T14:43:32.091Z" },
    { url = "https://files.pythonhosted.org/packages/be/42/025cfe05d1be22dbfdb4f264fe9de1ccda83f66e4fc3aac94748e784af04/pillow-12.2.0-cp312-cp312-win32.whl", hash = "sha256:58f62cc0f00fd29e64b29f4fd923ffdb3859c9f9e6105bfc37ba1d08994e8940", size = 6378489, upload-time = "2026-04-01T14:43:34.601Z" },
    { url = "https://files.pythonhosted.org/packages/5d/7b/25a221d2c761c6a8ae21bfa3874988ff2583e19cf8a27bf2fee358df7942/pillow-12.2.0-cp312-cp312-win_amd64.whl", hash = "sha256:7f84204dee22a783350679a0333981df803dac21a0190d706a50475e361c93f5", size = 7084129, upload-time = "2026-04-01T14:43:37.213Z" },
    { url = "https://files.pythonhosted.org/packages/10/e1/542a474affab20fd4a0f1836cb234e8493519da6b76899e30bcc5d990b8b/pillow-12.2.0-cp312-cp312-win_arm64.whl", hash = "sha256:af73337013e0b3b46f175e79492d96845b16126ddf79c438d7ea7ff27783a414", size = 2463612, upload-time = "2026-04-01T14:43:39.421Z" },
    { url = "https://files.pythonhosted.org/packages/4a/01/53d10cf0dbad820a8db274d259a37ba50b88b24768ddccec07355382d5ad/pillow-12.2.0-cp313-cp313-ios_13_0_arm64_iphoneos.whl", hash = "sha256:8297651f5b5679c19968abefd6bb84d95fe30ef712eb1b2d9b2d31ca61267f4c", size = 4100837, upload-time = "2026-04-01T14:43:41.506Z" },
    { url = "https://files.pythonhosted.org/packages/0f/98/f3a6657ecb698c937f6c76ee564882945f29b79bad496abcba0e84659ec5/pillow-12.2.0-cp313-cp313-ios_13_0_arm64_iphonesimulator.whl", hash = "sha256:50d8520da2a6ce0af445fa6d648c4273c3eeefbc32d7ce049f22e8b5c3daecc2", size = 4176528, upload-time = "2026-04-01T14:43:43.773Z" },
    { url = "https://files.pythonhosted.org/packages/69/bc/8986948f05e3ea490b8442ea1c1d4d990b24a7e43d8a51b2c7d8b1dced36/pillow-12.2.0-cp313-cp313-ios_13_0_x86_64_iphonesimulator.whl", hash = "sha256:766cef22385fa1091258ad7e6216792b156dc16d8d3fa607e7545b2b72061f1c", size = 3640401, upload-time = "2026-04-01T14:43:45.87Z" },
    { url = "https://files.pythonhosted.org/packages/34/46/6c717baadcd62bc8ed51d238d521ab651eaa74838291bda1f86fe1f864c9/pillow-12.2.0-cp313-cp313-macosx_10_13_x86_64.whl", hash = "sha256:5d2fd0fa6b5d9d1de415060363433f28da8b1526c1c129020435e186794b3795", size = 5308094, upload-time = "2026-04-01T14:43:48.438Z" },
    { url = "https://files.pythonhosted.org/packages/71/43/905a14a8b17fdb1ccb58d282454490662d2cb89a6bfec26af6d3520da5ec/pillow-12.2.0-cp313-cp313-macosx_11_0_arm64.whl", hash = "sha256:56b25336f502b6ed02e889f4ece894a72612fe885889a6e8c4c80239ff6e5f5f", size = 4695402, upload-time = "2026-04-01T14:43:51.292Z" },
    { url = "https://files.pythonhosted.org/packages/73/dd/42107efcb777b16fa0393317eac58f5b5cf30e8392e266e76e51cff28c3d/pillow-12.2.0-cp313-cp313-manylinux2014_aarch64.manylinux_2_17_aarch64.whl", hash = "sha256:f1c943e96e85df3d3478f7b691f229887e143f81fedab9b20205349ab04d73ed", size = 6280005, upload-time = "2026-04-01T14:43:54.242Z" },
    { url = "https://files.pythonhosted.org/packages/a8/68/b93e09e5e8549019e61acf49f65b1a8530765a7f812c77a7461bca7e4494/pillow-12.2.0-cp313-cp313-manylinux2014_x86_64.manylinux_2_17_x86_64.whl", hash = "sha256:03f6fab9219220f041c74aeaa2939ff0062bd5c364ba9ce037197f4c6d498cd9", size = 8090669, upload-time = "2026-04-01T14:43:57.335Z" },
    { url = "https://files.pythonhosted.org/packages/4b/6e/3ccb54ce8ec4ddd1accd2d89004308b7b0b21c4ac3d20fa70af4760a4330/pillow-12.2.0-cp313-cp313-manylinux_2_27_aarch64.manylinux_2_28_aarch64.whl", hash = "sha256:5cdfebd752ec52bf5bb4e35d9c64b40826bc5b40a13df7c3cda20a2c03a0f5ed", size = 6395194, upload-time = "2026-04-01T14:43:59.864Z" },
    { url = "https://files.pythonhosted.org/packages/67/ee/21d4e8536afd1a328f01b359b4d3997b291ffd35a237c877b331c1c3b71c/pillow-12.2.0-cp313-cp313-manylinux_2_27_x86_64.manylinux_2_28_x86_64.whl", hash = "sha256:eedf4b74eda2b5a4b2b2fb4c006d6295df3bf29e459e198c90ea48e130dc75c3", size = 7082423, upload-time = "2026-04-01T14:44:02.74Z" },
    { url = "https://files.pythonhosted.org/packages/78/5f/e9f86ab0146464e8c133fe85df987ed9e77e08b29d8d35f9f9f4d6f917ba/pillow-12.2.0-cp313-cp313-musllinux_1_2_aarch64.whl", hash = "sha256:00a2865911330191c0b818c59103b58a5e697cae67042366970a6b6f1b20b7f9", size = 6505667, upload-time = "2026-04-01T14:44:05.381Z" },
    { url = "https://files.pythonhosted.org/packages/ed/1e/409007f56a2fdce61584fd3acbc2bbc259857d555196cedcadc68c015c82/pillow-12.2.0-cp313-cp313-musllinux_1_2_x86_64.whl", hash = "sha256:1e1757442ed87f4912397c6d35a0db6a7b52592156014706f17658ff58bbf795", size = 7208580, upload-time = "2026-04-01T14:44:08.39Z" },
    { url = "https://files.pythonhosted.org/packages/23/c4/7349421080b12fb35414607b8871e9534546c128a11965fd4a7002ccfbee/pillow-12.2.0-cp313-cp313-win32.whl", hash = "sha256:144748b3af2d1b358d41286056d0003f47cb339b8c43a9ea42f5fea4d8c66b6e", size = 6375896, upload-time = "2026-04-01T14:44:11.197Z" },
    { url = "https://files.pythonhosted.org/packages/3f/82/8a3739a5e470b3c6cbb1d21d315800d8e16bff503d1f16b03a4ec3212786/pillow-12.2.0-cp313-cp313-win_amd64.whl", hash = "sha256:390ede346628ccc626e5730107cde16c42d3836b89662a115a921f28440e6a3b", size = 7081266, upload-time = "2026-04-01T14:44:13.947Z" },
    { url = "https://files.pythonhosted.org/packages/c3/25/f968f618a062574294592f668218f8af564830ccebdd1fa6200f598e65c5/pillow-12.2.0-cp313-cp313-win_arm64.whl", hash = "sha256:8023abc91fba39036dbce14a7d6535632f99c0b857807cbbbf21ecc9f4717f06", size = 2463508, upload-time = "2026-04-01T14:44:16.312Z" },
    { url = "https://files.pythonhosted.org/packages/4d/a4/b342930964e3cb4dce5038ae34b0eab4653334995336cd486c5a8c25a00c/pillow-12.2.0-cp313-cp313t-macosx_10_13_x86_64.whl", hash = "sha256:042db20a421b9bafecc4b84a8b6e444686bd9d836c7fd24542db3e7df7baad9b", size = 5309927, upload-time = "2026-04-01T14:44:18.89Z" },
    { url = "https://files.pythonhosted.org/packages/9f/de/23198e0a65a9cf06123f5435a5d95cea62a635697f8f03d134d3f3a96151/pillow-12.2.0-cp313-cp313t-macosx_11_0_arm64.whl", hash = "sha256:dd025009355c926a84a612fecf58bb315a3f6814b17ead51a8e48d3823d9087f", size = 4698624, upload-time = "2026-04-01T14:44:21.115Z" },
    { url = "https://files.pythonhosted.org/packages/01/a6/1265e977f17d93ea37aa28aa81bad4fa597933879fac2520d24e021c8da3/pillow-12.2.0-cp313-cp313t-manylinux2014_aarch64.manylinux_2_17_aarch64.whl", hash = "sha256:88ddbc66737e277852913bd1e07c150cc7bb124539f94c4e2df5344494e0a612", size = 6321252, upload-time = "2026-04-01T14:44:23.663Z" },
    { url = "https://files.pythonhosted.org/packages/3c/83/5982eb4a285967baa70340320be9f88e57665a387e3a53a7f0db8231a0cd/pillow-12.2.0-cp313-cp313t-manylinux2014_x86_64.manylinux_2_17_x86_64.whl", hash = "sha256:d362d1878f00c142b7e1a16e6e5e780f02be8195123f164edf7eddd911eefe7c", size = 8126550, upload-time = "2026-04-01T14:44:26.772Z" },
    { url = "https://files.pythonhosted.org/packages/4e/48/6ffc514adce69f6050d0753b1a18fd920fce8cac87620d5a31231b04bfc5/pillow-12.2.0-cp313-cp313t-manylinux_2_27_aarch64.manylinux_2_28_aarch64.whl", hash = "sha256:2c727a6d53cb0018aadd8018c2b938376af27914a68a492f59dfcaca650d5eea", size = 6433114, upload-time = "2026-04-01T14:44:29.615Z" },
    { url = "https://files.pythonhosted.org/packages/36/a3/f9a77144231fb8d40ee27107b4463e205fa4677e2ca2548e14da5cf18dce/pillow-12.2.0-cp313-cp313t-manylinux_2_27_x86_64.manylinux_2_28_x86_64.whl", hash = "sha256:efd8c21c98c5cc60653bcb311bef2ce0401642b7ce9d09e03a7da87c878289d4", size = 7115667, upload-time = "2026-04-01T14:44:32.773Z" },
    { url = "https://files.pythonhosted.org/packages/c1/fc/ac4ee3041e7d5a565e1c4fd72a113f03b6394cc72ab7089d27608f8aaccb/pillow-12.2.0-cp313-cp313t-musllinux_1_2_aarch64.whl", hash = "sha256:9f08483a632889536b8139663db60f6724bfcb443c96f1b18855860d7d5c0fd4", size = 6538966, upload-time = "2026-04-01T14:44:35.252Z" },
    { url = "https://files.pythonhosted.org/packages/c0/a8/27fb307055087f3668f6d0a8ccb636e7431d56ed0750e07a60547b1e083e/pillow-12.2.0-cp313-cp313t-musllinux_1_2_x86_64.whl", hash = "sha256:dac8d77255a37e81a2efcbd1fc05f1c15ee82200e6c240d7e127e25e365c39ea", size = 7238241, upload-time = "2026-04-01T14:44:37.875Z" },
    { url = "https://files.pythonhosted.org/packages/ad/4b/926ab182c07fccae9fcb120043464e1ff1564775ec8864f21a0ebce6ac25/pillow-12.2.0-cp313-cp313t-win32.whl", hash = "sha256:ee3120ae9dff32f121610bb08e4313be87e03efeadfc6c0d18f89127e24d0c24", size = 6379592, upload-time = "2026-04-01T14:44:40.336Z" },
    { url = "https://files.pythonhosted.org/packages/c2/c4/f9e476451a098181b30050cc4c9a3556b64c02cf6497ea421ac047e89e4b/pillow-12.2.0-cp313-cp313t-win_amd64.whl", hash = "sha256:325ca0528c6788d2a6c3d40e3568639398137346c3d6e66bb61db96b96511c98", size = 7085542, upload-time = "2026-04-01T14:44:43.251Z" },
    { url = "https://files.pythonhosted.org/packages/00/a4/285f12aeacbe2d6dc36c407dfbbe9e96d4a80b0fb710a337f6d2ad978c75/pillow-12.2.0-cp313-cp313t-win_arm64.whl", hash = "sha256:2e5a76d03a6c6dcef67edabda7a52494afa4035021a79c8558e14af25313d453", size = 2465765, upload-time = "2026-04-01T14:44:45.996Z" },
]
