
Microsoft Visual Studio Solution File, Format Version 12.00
# Visual Studio Version 17
VisualStudioVersion = 17.0.31903.59
MinimumVisualStudioVersion = 10.0.40219.1
Project("{2150E333-8FDC-42A3-9474-1A3956D46DE8}") = "ows-shared", "ows-shared", "{FC806034-5C4D-5F73-1866-9EFB2DDF872A}"
EndProject
Project("{FAE04EC0-301F-11D3-BF4B-00C04F79EFBC}") = "OWSShared", "ows-shared\OWSShared.csproj", "{78FCC7CE-BD6F-4D07-8C58-636DB508EB84}"
EndProject
Project("{2150E333-8FDC-42A3-9474-1A3956D46DE8}") = "ows-data", "ows-data", "{1A1720E8-0F34-B679-02E9-41FB7488F8A2}"
EndProject
Project("{FAE04EC0-301F-11D3-BF4B-00C04F79EFBC}") = "OWSData", "ows-data\OWSData.csproj", "{CFB4523F-27F7-439F-9B4C-0C59D690E7C0}"
EndProject
Project("{2150E333-8FDC-42A3-9474-1A3956D46DE8}") = "ows-external-login", "ows-external-login", "{E4BC0A2E-B665-F783-566F-B196268BE4BA}"
EndProject
Project("{FAE04EC0-301F-11D3-BF4B-00C04F79EFBC}") = "OWSExternalLoginProviders", "ows-external-login\OWSExternalLoginProviders.csproj", "{BFB95CD6-7C98-4E83-8EE6-B93A3A4C873E}"
EndProject
Project("{2150E333-8FDC-42A3-9474-1A3956D46DE8}") = "ows-public-api", "ows-public-api", "{37AA69B8-F34F-8ECE-6D9C-D33F13943703}"
EndProject
Project("{FAE04EC0-301F-11D3-BF4B-00C04F79EFBC}") = "OWSPublicAPI", "ows-public-api\OWSPublicAPI.csproj", "{340C7E35-6E89-458F-BC3C-814502B0EBD2}"
EndProject
Project("{2150E333-8FDC-42A3-9474-1A3956D46DE8}") = "ows-instance-management", "ows-instance-management", "{03FE26EA-98E8-DD96-1D86-4A0723277DFC}"
EndProject
Project("{FAE04EC0-301F-11D3-BF4B-00C04F79EFBC}") = "OWSInstanceManagement", "ows-instance-management\OWSInstanceManagement.csproj", "{17638B45-B5EF-49DC-B766-76A33979F5D2}"
EndProject
Project("{2150E333-8FDC-42A3-9474-1A3956D46DE8}") = "ows-character-persistence", "ows-character-persistence", "{63762FBE-53D7-D0EA-E769-5A0742403251}"
EndProject
Project("{FAE04EC0-301F-11D3-BF4B-00C04F79EFBC}") = "OWSCharacterPersistence", "ows-character-persistence\OWSCharacterPersistence.csproj", "{46BDF114-A674-41C8-BA50-04AB1E07A32A}"
EndProject
Project("{2150E333-8FDC-42A3-9474-1A3956D46DE8}") = "ows-global-data", "ows-global-data", "{CAEF901E-346F-4014-0444-32E40DABBDE0}"
EndProject
Project("{FAE04EC0-301F-11D3-BF4B-00C04F79EFBC}") = "OWSGlobalData", "ows-global-data\OWSGlobalData.csproj", "{9CC8A5BF-790E-432B-954F-4EFCCA9C3E28}"
EndProject
Project("{2150E333-8FDC-42A3-9474-1A3956D46DE8}") = "ows-management", "ows-management", "{4CFA4223-CEDD-B9F7-F4EC-85EC7812210C}"
EndProject
Project("{FAE04EC0-301F-11D3-BF4B-00C04F79EFBC}") = "OWSManagement", "ows-management\OWSManagement.csproj", "{89CADEC1-700F-4799-9422-3B64E7163B36}"
EndProject
Project("{2150E333-8FDC-42A3-9474-1A3956D46DE8}") = "ows-instance-launcher", "ows-instance-launcher", "{E80413E9-3009-FD4C-56A4-C45FF008564D}"
EndProject
Project("{FAE04EC0-301F-11D3-BF4B-00C04F79EFBC}") = "OWSInstanceLauncher", "ows-instance-launcher\OWSInstanceLauncher.csproj", "{D43236DE-3168-4084-B423-5A77FE06991B}"
EndProject
Project("{2150E333-8FDC-42A3-9474-1A3956D46DE8}") = "ows-benchmarks", "ows-benchmarks", "{9BEC5179-124F-DA46-51A2-36FED2CA220E}"
EndProject
Project("{FAE04EC0-301F-11D3-BF4B-00C04F79EFBC}") = "OWSBenchmarks", "ows-benchmarks\OWSBenchmarks.csproj", "{13409E38-4461-4FD8-A876-27201CAAD6D4}"
EndProject
Project("{2150E333-8FDC-42A3-9474-1A3956D46DE8}") = "ows-tests", "ows-tests", "{78935B95-67B2-54ED-00E2-7A9EE92EBA86}"
EndProject
Project("{FAE04EC0-301F-11D3-BF4B-00C04F79EFBC}") = "OWSTests", "ows-tests\OWSTests.csproj", "{38B50C9C-E08A-40A0-A4D8-AF15B11144C3}"
EndProject
Global
	GlobalSection(SolutionConfigurationPlatforms) = preSolution
		Debug|Any CPU = Debug|Any CPU
		Debug|x64 = Debug|x64
		Debug|x86 = Debug|x86
		Release|Any CPU = Release|Any CPU
		Release|x64 = Release|x64
		Release|x86 = Release|x86
	EndGlobalSection
	GlobalSection(ProjectConfigurationPlatforms) = postSolution
		{78FCC7CE-BD6F-4D07-8C58-636DB508EB84}.Debug|Any CPU.ActiveCfg = Debug|Any CPU
		{78FCC7CE-BD6F-4D07-8C58-636DB508EB84}.Debug|Any CPU.Build.0 = Debug|Any CPU
		{78FCC7CE-BD6F-4D07-8C58-636DB508EB84}.Debug|x64.ActiveCfg = Debug|Any CPU
		{78FCC7CE-BD6F-4D07-8C58-636DB508EB84}.Debug|x64.Build.0 = Debug|Any CPU
		{78FCC7CE-BD6F-4D07-8C58-636DB508EB84}.Debug|x86.ActiveCfg = Debug|Any CPU
		{78FCC7CE-BD6F-4D07-8C58-636DB508EB84}.Debug|x86.Build.0 = Debug|Any CPU
		{78FCC7CE-BD6F-4D07-8C58-636DB508EB84}.Release|Any CPU.ActiveCfg = Release|Any CPU
		{78FCC7CE-BD6F-4D07-8C58-636DB508EB84}.Release|Any CPU.Build.0 = Release|Any CPU
		{78FCC7CE-BD6F-4D07-8C58-636DB508EB84}.Release|x64.ActiveCfg = Release|Any CPU
		{78FCC7CE-BD6F-4D07-8C58-636DB508EB84}.Release|x64.Build.0 = Release|Any CPU
		{78FCC7CE-BD6F-4D07-8C58-636DB508EB84}.Release|x86.ActiveCfg = Release|Any CPU
		{78FCC7CE-BD6F-4D07-8C58-636DB508EB84}.Release|x86.Build.0 = Release|Any CPU
		{CFB4523F-27F7-439F-9B4C-0C59D690E7C0}.Debug|Any CPU.ActiveCfg = Debug|Any CPU
		{CFB4523F-27F7-439F-9B4C-0C59D690E7C0}.Debug|Any CPU.Build.0 = Debug|Any CPU
		{CFB4523F-27F7-439F-9B4C-0C59D690E7C0}.Debug|x64.ActiveCfg = Debug|Any CPU
		{CFB4523F-27F7-439F-9B4C-0C59D690E7C0}.Debug|x64.Build.0 = Debug|Any CPU
		{CFB4523F-27F7-439F-9B4C-0C59D690E7C0}.Debug|x86.ActiveCfg = Debug|Any CPU
		{CFB4523F-27F7-439F-9B4C-0C59D690E7C0}.Debug|x86.Build.0 = Debug|Any CPU
		{CFB4523F-27F7-439F-9B4C-0C59D690E7C0}.Release|Any CPU.ActiveCfg = Release|Any CPU
		{CFB4523F-27F7-439F-9B4C-0C59D690E7C0}.Release|Any CPU.Build.0 = Release|Any CPU
		{CFB4523F-27F7-439F-9B4C-0C59D690E7C0}.Release|x64.ActiveCfg = Release|Any CPU
		{CFB4523F-27F7-439F-9B4C-0C59D690E7C0}.Release|x64.Build.0 = Release|Any CPU
		{CFB4523F-27F7-439F-9B4C-0C59D690E7C0}.Release|x86.ActiveCfg = Release|Any CPU
		{CFB4523F-27F7-439F-9B4C-0C59D690E7C0}.Release|x86.Build.0 = Release|Any CPU
		{BFB95CD6-7C98-4E83-8EE6-B93A3A4C873E}.Debug|Any CPU.ActiveCfg = Debug|Any CPU
		{BFB95CD6-7C98-4E83-8EE6-B93A3A4C873E}.Debug|Any CPU.Build.0 = Debug|Any CPU
		{BFB95CD6-7C98-4E83-8EE6-B93A3A4C873E}.Debug|x64.ActiveCfg = Debug|Any CPU
		{BFB95CD6-7C98-4E83-8EE6-B93A3A4C873E}.Debug|x64.Build.0 = Debug|Any CPU
		{BFB95CD6-7C98-4E83-8EE6-B93A3A4C873E}.Debug|x86.ActiveCfg = Debug|Any CPU
		{BFB95CD6-7C98-4E83-8EE6-B93A3A4C873E}.Debug|x86.Build.0 = Debug|Any CPU
		{BFB95CD6-7C98-4E83-8EE6-B93A3A4C873E}.Release|Any CPU.ActiveCfg = Release|Any CPU
		{BFB95CD6-7C98-4E83-8EE6-B93A3A4C873E}.Release|Any CPU.Build.0 = Release|Any CPU
		{BFB95CD6-7C98-4E83-8EE6-B93A3A4C873E}.Release|x64.ActiveCfg = Release|Any CPU
		{BFB95CD6-7C98-4E83-8EE6-B93A3A4C873E}.Release|x64.Build.0 = Release|Any CPU
		{BFB95CD6-7C98-4E83-8EE6-B93A3A4C873E}.Release|x86.ActiveCfg = Release|Any CPU
		{BFB95CD6-7C98-4E83-8EE6-B93A3A4C873E}.Release|x86.Build.0 = Release|Any CPU
		{340C7E35-6E89-458F-BC3C-814502B0EBD2}.Debug|Any CPU.ActiveCfg = Debug|Any CPU
		{340C7E35-6E89-458F-BC3C-814502B0EBD2}.Debug|Any CPU.Build.0 = Debug|Any CPU
		{340C7E35-6E89-458F-BC3C-814502B0EBD2}.Debug|x64.ActiveCfg = Debug|Any CPU
		{340C7E35-6E89-458F-BC3C-814502B0EBD2}.Debug|x64.Build.0 = Debug|Any CPU
		{340C7E35-6E89-458F-BC3C-814502B0EBD2}.Debug|x86.ActiveCfg = Debug|Any CPU
		{340C7E35-6E89-458F-BC3C-814502B0EBD2}.Debug|x86.Build.0 = Debug|Any CPU
		{340C7E35-6E89-458F-BC3C-814502B0EBD2}.Release|Any CPU.ActiveCfg = Release|Any CPU
		{340C7E35-6E89-458F-BC3C-814502B0EBD2}.Release|Any CPU.Build.0 = Release|Any CPU
		{340C7E35-6E89-458F-BC3C-814502B0EBD2}.Release|x64.ActiveCfg = Release|Any CPU
		{340C7E35-6E89-458F-BC3C-814502B0EBD2}.Release|x64.Build.0 = Release|Any CPU
		{340C7E35-6E89-458F-BC3C-814502B0EBD2}.Release|x86.ActiveCfg = Release|Any CPU
		{340C7E35-6E89-458F-BC3C-814502B0EBD2}.Release|x86.Build.0 = Release|Any CPU
		{17638B45-B5EF-49DC-B766-76A33979F5D2}.Debug|Any CPU.ActiveCfg = Debug|Any CPU
		{17638B45-B5EF-49DC-B766-76A33979F5D2}.Debug|Any CPU.Build.0 = Debug|Any CPU
		{17638B45-B5EF-49DC-B766-76A33979F5D2}.Debug|x64.ActiveCfg = Debug|Any CPU
		{17638B45-B5EF-49DC-B766-76A33979F5D2}.Debug|x64.Build.0 = Debug|Any CPU
		{17638B45-B5EF-49DC-B766-76A33979F5D2}.Debug|x86.ActiveCfg = Debug|Any CPU
		{17638B45-B5EF-49DC-B766-76A33979F5D2}.Debug|x86.Build.0 = Debug|Any CPU
		{17638B45-B5EF-49DC-B766-76A33979F5D2}.Release|Any CPU.ActiveCfg = Release|Any CPU
		{17638B45-B5EF-49DC-B766-76A33979F5D2}.Release|Any CPU.Build.0 = Release|Any CPU
		{17638B45-B5EF-49DC-B766-76A33979F5D2}.Release|x64.ActiveCfg = Release|Any CPU
		{17638B45-B5EF-49DC-B766-76A33979F5D2}.Release|x64.Build.0 = Release|Any CPU
		{17638B45-B5EF-49DC-B766-76A33979F5D2}.Release|x86.ActiveCfg = Release|Any CPU
		{17638B45-B5EF-49DC-B766-76A33979F5D2}.Release|x86.Build.0 = Release|Any CPU
		{46BDF114-A674-41C8-BA50-04AB1E07A32A}.Debug|Any CPU.ActiveCfg = Debug|Any CPU
		{46BDF114-A674-41C8-BA50-04AB1E07A32A}.Debug|Any CPU.Build.0 = Debug|Any CPU
		{46BDF114-A674-41C8-BA50-04AB1E07A32A}.Debug|x64.ActiveCfg = Debug|Any CPU
		{46BDF114-A674-41C8-BA50-04AB1E07A32A}.Debug|x64.Build.0 = Debug|Any CPU
		{46BDF114-A674-41C8-BA50-04AB1E07A32A}.Debug|x86.ActiveCfg = Debug|Any CPU
		{46BDF114-A674-41C8-BA50-04AB1E07A32A}.Debug|x86.Build.0 = Debug|Any CPU
		{46BDF114-A674-41C8-BA50-04AB1E07A32A}.Release|Any CPU.ActiveCfg = Release|Any CPU
		{46BDF114-A674-41C8-BA50-04AB1E07A32A}.Release|Any CPU.Build.0 = Release|Any CPU
		{46BDF114-A674-41C8-BA50-04AB1E07A32A}.Release|x64.ActiveCfg = Release|Any CPU
		{46BDF114-A674-41C8-BA50-04AB1E07A32A}.Release|x64.Build.0 = Release|Any CPU
		{46BDF114-A674-41C8-BA50-04AB1E07A32A}.Release|x86.ActiveCfg = Release|Any CPU
		{46BDF114-A674-41C8-BA50-04AB1E07A32A}.Release|x86.Build.0 = Release|Any CPU
		{9CC8A5BF-790E-432B-954F-4EFCCA9C3E28}.Debug|Any CPU.ActiveCfg = Debug|Any CPU
		{9CC8A5BF-790E-432B-954F-4EFCCA9C3E28}.Debug|Any CPU.Build.0 = Debug|Any CPU
		{9CC8A5BF-790E-432B-954F-4EFCCA9C3E28}.Debug|x64.ActiveCfg = Debug|Any CPU
		{9CC8A5BF-790E-432B-954F-4EFCCA9C3E28}.Debug|x64.Build.0 = Debug|Any CPU
		{9CC8A5BF-790E-432B-954F-4EFCCA9C3E28}.Debug|x86.ActiveCfg = Debug|Any CPU
		{9CC8A5BF-790E-432B-954F-4EFCCA9C3E28}.Debug|x86.Build.0 = Debug|Any CPU
		{9CC8A5BF-790E-432B-954F-4EFCCA9C3E28}.Release|Any CPU.ActiveCfg = Release|Any CPU
		{9CC8A5BF-790E-432B-954F-4EFCCA9C3E28}.Release|Any CPU.Build.0 = Release|Any CPU
		{9CC8A5BF-790E-432B-954F-4EFCCA9C3E28}.Release|x64.ActiveCfg = Release|Any CPU
		{9CC8A5BF-790E-432B-954F-4EFCCA9C3E28}.Release|x64.Build.0 = Release|Any CPU
		{9CC8A5BF-790E-432B-954F-4EFCCA9C3E28}.Release|x86.ActiveCfg = Release|Any CPU
		{9CC8A5BF-790E-432B-954F-4EFCCA9C3E28}.Release|x86.Build.0 = Release|Any CPU
		{89CADEC1-700F-4799-9422-3B64E7163B36}.Debug|Any CPU.ActiveCfg = Debug|Any CPU
		{89CADEC1-700F-4799-9422-3B64E7163B36}.Debug|Any CPU.Build.0 = Debug|Any CPU
		{89CADEC1-700F-4799-9422-3B64E7163B36}.Debug|x64.ActiveCfg = Debug|Any CPU
		{89CADEC1-700F-4799-9422-3B64E7163B36}.Debug|x64.Build.0 = Debug|Any CPU
		{89CADEC1-700F-4799-9422-3B64E7163B36}.Debug|x86.ActiveCfg = Debug|Any CPU
		{89CADEC1-700F-4799-9422-3B64E7163B36}.Debug|x86.Build.0 = Debug|Any CPU
		{89CADEC1-700F-4799-9422-3B64E7163B36}.Release|Any CPU.ActiveCfg = Release|Any CPU
		{89CADEC1-700F-4799-9422-3B64E7163B36}.Release|Any CPU.Build.0 = Release|Any CPU
		{89CADEC1-700F-4799-9422-3B64E7163B36}.Release|x64.ActiveCfg = Release|Any CPU
		{89CADEC1-700F-4799-9422-3B64E7163B36}.Release|x64.Build.0 = Release|Any CPU
		{89CADEC1-700F-4799-9422-3B64E7163B36}.Release|x86.ActiveCfg = Release|Any CPU
		{89CADEC1-700F-4799-9422-3B64E7163B36}.Release|x86.Build.0 = Release|Any CPU
		{D43236DE-3168-4084-B423-5A77FE06991B}.Debug|Any CPU.ActiveCfg = Debug|Any CPU
		{D43236DE-3168-4084-B423-5A77FE06991B}.Debug|Any CPU.Build.0 = Debug|Any CPU
		{D43236DE-3168-4084-B423-5A77FE06991B}.Debug|x64.ActiveCfg = Debug|Any CPU
		{D43236DE-3168-4084-B423-5A77FE06991B}.Debug|x64.Build.0 = Debug|Any CPU
		{D43236DE-3168-4084-B423-5A77FE06991B}.Debug|x86.ActiveCfg = Debug|Any CPU
		{D43236DE-3168-4084-B423-5A77FE06991B}.Debug|x86.Build.0 = Debug|Any CPU
		{D43236DE-3168-4084-B423-5A77FE06991B}.Release|Any CPU.ActiveCfg = Release|Any CPU
		{D43236DE-3168-4084-B423-5A77FE06991B}.Release|Any CPU.Build.0 = Release|Any CPU
		{D43236DE-3168-4084-B423-5A77FE06991B}.Release|x64.ActiveCfg = Release|Any CPU
		{D43236DE-3168-4084-B423-5A77FE06991B}.Release|x64.Build.0 = Release|Any CPU
		{D43236DE-3168-4084-B423-5A77FE06991B}.Release|x86.ActiveCfg = Release|Any CPU
		{D43236DE-3168-4084-B423-5A77FE06991B}.Release|x86.Build.0 = Release|Any CPU
		{13409E38-4461-4FD8-A876-27201CAAD6D4}.Debug|Any CPU.ActiveCfg = Debug|Any CPU
		{13409E38-4461-4FD8-A876-27201CAAD6D4}.Debug|Any CPU.Build.0 = Debug|Any CPU
		{13409E38-4461-4FD8-A876-27201CAAD6D4}.Debug|x64.ActiveCfg = Debug|Any CPU
		{13409E38-4461-4FD8-A876-27201CAAD6D4}.Debug|x64.Build.0 = Debug|Any CPU
		{13409E38-4461-4FD8-A876-27201CAAD6D4}.Debug|x86.ActiveCfg = Debug|Any CPU
		{13409E38-4461-4FD8-A876-27201CAAD6D4}.Debug|x86.Build.0 = Debug|Any CPU
		{13409E38-4461-4FD8-A876-27201CAAD6D4}.Release|Any CPU.ActiveCfg = Release|Any CPU
		{13409E38-4461-4FD8-A876-27201CAAD6D4}.Release|Any CPU.Build.0 = Release|Any CPU
		{13409E38-4461-4FD8-A876-27201CAAD6D4}.Release|x64.ActiveCfg = Release|Any CPU
		{13409E38-4461-4FD8-A876-27201CAAD6D4}.Release|x64.Build.0 = Release|Any CPU
		{13409E38-4461-4FD8-A876-27201CAAD6D4}.Release|x86.ActiveCfg = Release|Any CPU
		{13409E38-4461-4FD8-A876-27201CAAD6D4}.Release|x86.Build.0 = Release|Any CPU
		{38B50C9C-E08A-40A0-A4D8-AF15B11144C3}.Debug|Any CPU.ActiveCfg = Debug|Any CPU
		{38B50C9C-E08A-40A0-A4D8-AF15B11144C3}.Debug|Any CPU.Build.0 = Debug|Any CPU
		{38B50C9C-E08A-40A0-A4D8-AF15B11144C3}.Debug|x64.ActiveCfg = Debug|Any CPU
		{38B50C9C-E08A-40A0-A4D8-AF15B11144C3}.Debug|x64.Build.0 = Debug|Any CPU
		{38B50C9C-E08A-40A0-A4D8-AF15B11144C3}.Debug|x86.ActiveCfg = Debug|Any CPU
		{38B50C9C-E08A-40A0-A4D8-AF15B11144C3}.Debug|x86.Build.0 = Debug|Any CPU
		{38B50C9C-E08A-40A0-A4D8-AF15B11144C3}.Release|Any CPU.ActiveCfg = Release|Any CPU
		{38B50C9C-E08A-40A0-A4D8-AF15B11144C3}.Release|Any CPU.Build.0 = Release|Any CPU
		{38B50C9C-E08A-40A0-A4D8-AF15B11144C3}.Release|x64.ActiveCfg = Release|Any CPU
		{38B50C9C-E08A-40A0-A4D8-AF15B11144C3}.Release|x64.Build.0 = Release|Any CPU
		{38B50C9C-E08A-40A0-A4D8-AF15B11144C3}.Release|x86.ActiveCfg = Release|Any CPU
		{38B50C9C-E08A-40A0-A4D8-AF15B11144C3}.Release|x86.Build.0 = Release|Any CPU
	EndGlobalSection
	GlobalSection(SolutionProperties) = preSolution
		HideSolutionNode = FALSE
	EndGlobalSection
	GlobalSection(NestedProjects) = preSolution
		{78FCC7CE-BD6F-4D07-8C58-636DB508EB84} = {FC806034-5C4D-5F73-1866-9EFB2DDF872A}
		{CFB4523F-27F7-439F-9B4C-0C59D690E7C0} = {1A1720E8-0F34-B679-02E9-41FB7488F8A2}
		{BFB95CD6-7C98-4E83-8EE6-B93A3A4C873E} = {E4BC0A2E-B665-F783-566F-B196268BE4BA}
		{340C7E35-6E89-458F-BC3C-814502B0EBD2} = {37AA69B8-F34F-8ECE-6D9C-D33F13943703}
		{17638B45-B5EF-49DC-B766-76A33979F5D2} = {03FE26EA-98E8-DD96-1D86-4A0723277DFC}
		{46BDF114-A674-41C8-BA50-04AB1E07A32A} = {63762FBE-53D7-D0EA-E769-5A0742403251}
		{9CC8A5BF-790E-432B-954F-4EFCCA9C3E28} = {CAEF901E-346F-4014-0444-32E40DABBDE0}
		{89CADEC1-700F-4799-9422-3B64E7163B36} = {4CFA4223-CEDD-B9F7-F4EC-85EC7812210C}
		{D43236DE-3168-4084-B423-5A77FE06991B} = {E80413E9-3009-FD4C-56A4-C45FF008564D}
		{13409E38-4461-4FD8-A876-27201CAAD6D4} = {9BEC5179-124F-DA46-51A2-36FED2CA220E}
		{38B50C9C-E08A-40A0-A4D8-AF15B11144C3} = {78935B95-67B2-54ED-00E2-7A9EE92EBA86}
	EndGlobalSection
EndGlobal
